
Microsoft Visual Studio Solution File, Format Version 12.00
# Visual Studio Version 17
VisualStudioVersion = 17.5.33516.290
MinimumVisualStudioVersion = 10.0.40219.1
Project("{9A19103F-16F7-4668-BE54-9A1E7A4F7556}") = "01-ProjectConsole", "ProjectConsole\01-ProjectConsole.csproj", "{276DE174-9BB4-4799-A9FB-5FAD07D93865}"
EndProject
Project("{9A19103F-16F7-4668-BE54-9A1E7A4F7556}") = "02-OperatorsConsoleLabWork", "OperatorsConsoleLabWork\02-OperatorsConsoleLabWork.csproj", "{C2DA2E90-1B39-4F15-9F25-B6B9E4D4A5D6}"
EndProject
Project("{9A19103F-16F7-4668-BE54-9A1E7A4F7556}") = "04-bitWiseDataTypesVariableAndConstantConsoleLabWork", "bitWiseDataTypesVariableAndConstantEscapeSequanceConsoleLabWork\04-bitWiseDataTypesVariableAndConstantConsoleLabWork.csproj", "{E4316400-1122-4811-82B9-23413F433156}"
EndProject
Project("{9A19103F-16F7-4668-BE54-9A1E7A4F7556}") = "03-storyTimeConsoleAndEscapeSequanceLabWork", "storyTimeConsoleLabWork\03-storyTimeConsoleAndEscapeSequanceLabWork.csproj", "{60AEBB83-8575-4CCC-A816-58181879638A}"
EndProject
Project("{9A19103F-16F7-4668-BE54-9A1E7A4F7556}") = "05-ifElseifElse", "ifElseifElse\05-ifElseifElse.csproj", "{86305738-D30C-4AEB-8B26-DE60729D12ED}"
EndProject
Project("{9A19103F-16F7-4668-BE54-9A1E7A4F7556}") = "06-dataTypesMainAll", "dataTypesMainAll\06-dataTypesMainAll.csproj", "{6B6C5AFF-41B4-4B16-9B62-E1E129041210}"
EndProject
Project("{9A19103F-16F7-4668-BE54-9A1E7A4F7556}") = "07-implicitExplicitBoxingUnboxingGeneralDataTypes", "implicitExplicitBoxingUnboxingGeneralDataTypes\07-implicitExplicitBoxingUnboxingGeneralDataTypes.csproj", "{FDC54038-BBE8-40B9-A7B6-9E2D03315D4B}"
EndProject
Project("{9A19103F-16F7-4668-BE54-9A1E7A4F7556}") = "08-GeneralDataTypesOperators", "GeneralDataTypesOperators\08-GeneralDataTypesOperators.csproj", "{87725C41-E792-422D-8A32-C3C434BC59B1}"
EndProject
Project("{9A19103F-16F7-4668-BE54-9A1E7A4F7556}") = "09-OperatorsProgramExampleProgram", "OperatorsProgramExampleProgram\09-OperatorsProgramExampleProgram.csproj", "{75BF9D60-278F-4406-BB98-CAE81F1CFD41}"
EndProject
Project("{9A19103F-16F7-4668-BE54-9A1E7A4F7556}") = "10-CompoundFormulasConditionsTermerrySwitchCase", "CompoundFormulasConditionsTermerrySwitchCase\10-CompoundFormulasConditionsTermerrySwitchCase.csproj", "{5BD57F2D-10AF-4FA3-A01F-F47EE3915A15}"
EndProject
Project("{9A19103F-16F7-4668-BE54-9A1E7A4F7556}") = "11-WhileDoWhileLoop", "WhileDoWhileLoop\11-WhileDoWhileLoop.csproj", "{202E4B73-0E31-4AA6-B4E3-A551582CFB1E}"
EndProject
Project("{9A19103F-16F7-4668-BE54-9A1E7A4F7556}") = "12-ForLoopWhileLoopDoWhileLoopFunction", "ForLoopWhileLoopDoWhileLoopFunction\12-ForLoopWhileLoopDoWhileLoopFunction.csproj", "{5A97F4C8-3CF4-4D6E-9142-FFFD5919DF72}"
EndProject
Project("{9A19103F-16F7-4668-BE54-9A1E7A4F7556}") = "13-ArrayForEachForLoop", "ArrayForEachForLoop\13-ArrayForEachForLoop.csproj", "{FE66CF69-2D8A-40E4-9C4A-2E50F079D92A}"
EndProject
Project("{9A19103F-16F7-4668-BE54-9A1E7A4F7556}") = "14-CharMethods", "CharMethods\14-CharMethods.csproj", "{7133D5D2-2AC5-4217-BBDF-773F74DFA647}"
EndProject
Project("{9A19103F-16F7-4668-BE54-9A1E7A4F7556}") = "15-StringMethods", "StringMethods\15-StringMethods.csproj", "{BD11DCA1-E084-4958-90FC-E58AF6072655}"
EndProject
Project("{9A19103F-16F7-4668-BE54-9A1E7A4F7556}") = "16-WorkWithArrayToFindNegativeValuesInIt", "WorkWithArrayToFindNegativeValuesInIt\16-WorkWithArrayToFindNegativeValuesInIt.csproj", "{6629F156-C044-4DA9-81B7-AEE352BD90E5}"
EndProject
Project("{9A19103F-16F7-4668-BE54-9A1E7A4F7556}") = "17-StringDateTime", "StringDateTime\17-StringDateTime.csproj", "{B17B0575-26E5-4D41-9688-75E62F819218}"
EndProject
Project("{9A19103F-16F7-4668-BE54-9A1E7A4F7556}") = "18-TimeSpan", "TimeSpan\18-TimeSpan.csproj", "{8CCD8848-AD7B-4AB5-B5C6-F18570BD718E}"
EndProject
Project("{FAE04EC0-301F-11D3-BF4B-00C04F79EFBC}") = "19-enumAndHowItWorks", "enumAndHowItWorks\19-enumAndHowItWorks.csproj", "{26403D41-FC01-4FBF-AE5F-57651FEDD50E}"
EndProject
Global
	GlobalSection(SolutionConfigurationPlatforms) = preSolution
		Debug|Any CPU = Debug|Any CPU
		Release|Any CPU = Release|Any CPU
	EndGlobalSection
	GlobalSection(ProjectConfigurationPlatforms) = postSolution
		{276DE174-9BB4-4799-A9FB-5FAD07D93865}.Debug|Any CPU.ActiveCfg = Debug|Any CPU
		{276DE174-9BB4-4799-A9FB-5FAD07D93865}.Debug|Any CPU.Build.0 = Debug|Any CPU
		{276DE174-9BB4-4799-A9FB-5FAD07D93865}.Release|Any CPU.ActiveCfg = Release|Any CPU
		{276DE174-9BB4-4799-A9FB-5FAD07D93865}.Release|Any CPU.Build.0 = Release|Any CPU
		{C2DA2E90-1B39-4F15-9F25-B6B9E4D4A5D6}.Debug|Any CPU.ActiveCfg = Debug|Any CPU
		{C2DA2E90-1B39-4F15-9F25-B6B9E4D4A5D6}.Debug|Any CPU.Build.0 = Debug|Any CPU
		{C2DA2E90-1B39-4F15-9F25-B6B9E4D4A5D6}.Release|Any CPU.ActiveCfg = Release|Any CPU
		{C2DA2E90-1B39-4F15-9F25-B6B9E4D4A5D6}.Release|Any CPU.Build.0 = Release|Any CPU
		{E4316400-1122-4811-82B9-23413F433156}.Debug|Any CPU.ActiveCfg = Debug|Any CPU
		{E4316400-1122-4811-82B9-23413F433156}.Debug|Any CPU.Build.0 = Debug|Any CPU
		{E4316400-1122-4811-82B9-23413F433156}.Release|Any CPU.ActiveCfg = Release|Any CPU
		{E4316400-1122-4811-82B9-23413F433156}.Release|Any CPU.Build.0 = Release|Any CPU
		{60AEBB83-8575-4CCC-A816-58181879638A}.Debug|Any CPU.ActiveCfg = Debug|Any CPU
		{60AEBB83-8575-4CCC-A816-58181879638A}.Debug|Any CPU.Build.0 = Debug|Any CPU
		{60AEBB83-8575-4CCC-A816-58181879638A}.Release|Any CPU.ActiveCfg = Release|Any CPU
		{60AEBB83-8575-4CCC-A816-58181879638A}.Release|Any CPU.Build.0 = Release|Any CPU
		{86305738-D30C-4AEB-8B26-DE60729D12ED}.Debug|Any CPU.ActiveCfg = Debug|Any CPU
		{86305738-D30C-4AEB-8B26-DE60729D12ED}.Debug|Any CPU.Build.0 = Debug|Any CPU
		{86305738-D30C-4AEB-8B26-DE60729D12ED}.Release|Any CPU.ActiveCfg = Release|Any CPU
		{86305738-D30C-4AEB-8B26-DE60729D12ED}.Release|Any CPU.Build.0 = Release|Any CPU
		{6B6C5AFF-41B4-4B16-9B62-E1E129041210}.Debug|Any CPU.ActiveCfg = Debug|Any CPU
		{6B6C5AFF-41B4-4B16-9B62-E1E129041210}.Debug|Any CPU.Build.0 = Debug|Any CPU
		{6B6C5AFF-41B4-4B16-9B62-E1E129041210}.Release|Any CPU.ActiveCfg = Release|Any CPU
		{6B6C5AFF-41B4-4B16-9B62-E1E129041210}.Release|Any CPU.Build.0 = Release|Any CPU
		{FDC54038-BBE8-40B9-A7B6-9E2D03315D4B}.Debug|Any CPU.ActiveCfg = Debug|Any CPU
		{FDC54038-BBE8-40B9-A7B6-9E2D03315D4B}.Debug|Any CPU.Build.0 = Debug|Any CPU
		{FDC54038-BBE8-40B9-A7B6-9E2D03315D4B}.Release|Any CPU.ActiveCfg = Release|Any CPU
		{FDC54038-BBE8-40B9-A7B6-9E2D03315D4B}.Release|Any CPU.Build.0 = Release|Any CPU
		{87725C41-E792-422D-8A32-C3C434BC59B1}.Debug|Any CPU.ActiveCfg = Debug|Any CPU
		{87725C41-E792-422D-8A32-C3C434BC59B1}.Debug|Any CPU.Build.0 = Debug|Any CPU
		{87725C41-E792-422D-8A32-C3C434BC59B1}.Release|Any CPU.ActiveCfg = Release|Any CPU
		{87725C41-E792-422D-8A32-C3C434BC59B1}.Release|Any CPU.Build.0 = Release|Any CPU
		{75BF9D60-278F-4406-BB98-CAE81F1CFD41}.Debug|Any CPU.ActiveCfg = Debug|Any CPU
		{75BF9D60-278F-4406-BB98-CAE81F1CFD41}.Debug|Any CPU.Build.0 = Debug|Any CPU
		{75BF9D60-278F-4406-BB98-CAE81F1CFD41}.Release|Any CPU.ActiveCfg = Release|Any CPU
		{75BF9D60-278F-4406-BB98-CAE81F1CFD41}.Release|Any CPU.Build.0 = Release|Any CPU
		{5BD57F2D-10AF-4FA3-A01F-F47EE3915A15}.Debug|Any CPU.ActiveCfg = Debug|Any CPU
		{5BD57F2D-10AF-4FA3-A01F-F47EE3915A15}.Debug|Any CPU.Build.0 = Debug|Any CPU
		{5BD57F2D-10AF-4FA3-A01F-F47EE3915A15}.Release|Any CPU.ActiveCfg = Release|Any CPU
		{5BD57F2D-10AF-4FA3-A01F-F47EE3915A15}.Release|Any CPU.Build.0 = Release|Any CPU
		{202E4B73-0E31-4AA6-B4E3-A551582CFB1E}.Debug|Any CPU.ActiveCfg = Debug|Any CPU
		{202E4B73-0E31-4AA6-B4E3-A551582CFB1E}.Debug|Any CPU.Build.0 = Debug|Any CPU
		{202E4B73-0E31-4AA6-B4E3-A551582CFB1E}.Release|Any CPU.ActiveCfg = Release|Any CPU
		{202E4B73-0E31-4AA6-B4E3-A551582CFB1E}.Release|Any CPU.Build.0 = Release|Any CPU
		{5A97F4C8-3CF4-4D6E-9142-FFFD5919DF72}.Debug|Any CPU.ActiveCfg = Debug|Any CPU
		{5A97F4C8-3CF4-4D6E-9142-FFFD5919DF72}.Debug|Any CPU.Build.0 = Debug|Any CPU
		{5A97F4C8-3CF4-4D6E-9142-FFFD5919DF72}.Release|Any CPU.ActiveCfg = Release|Any CPU
		{5A97F4C8-3CF4-4D6E-9142-FFFD5919DF72}.Release|Any CPU.Build.0 = Release|Any CPU
		{FE66CF69-2D8A-40E4-9C4A-2E50F079D92A}.Debug|Any CPU.ActiveCfg = Debug|Any CPU
		{FE66CF69-2D8A-40E4-9C4A-2E50F079D92A}.Debug|Any CPU.Build.0 = Debug|Any CPU
		{FE66CF69-2D8A-40E4-9C4A-2E50F079D92A}.Release|Any CPU.ActiveCfg = Release|Any CPU
		{FE66CF69-2D8A-40E4-9C4A-2E50F079D92A}.Release|Any CPU.Build.0 = Release|Any CPU
		{7133D5D2-2AC5-4217-BBDF-773F74DFA647}.Debug|Any CPU.ActiveCfg = Debug|Any CPU
		{7133D5D2-2AC5-4217-BBDF-773F74DFA647}.Debug|Any CPU.Build.0 = Debug|Any CPU
		{7133D5D2-2AC5-4217-BBDF-773F74DFA647}.Release|Any CPU.ActiveCfg = Release|Any CPU
		{7133D5D2-2AC5-4217-BBDF-773F74DFA647}.Release|Any CPU.Build.0 = Release|Any CPU
		{BD11DCA1-E084-4958-90FC-E58AF6072655}.Debug|Any CPU.ActiveCfg = Debug|Any CPU
		{BD11DCA1-E084-4958-90FC-E58AF6072655}.Debug|Any CPU.Build.0 = Debug|Any CPU
		{BD11DCA1-E084-4958-90FC-E58AF6072655}.Release|Any CPU.ActiveCfg = Release|Any CPU
		{BD11DCA1-E084-4958-90FC-E58AF6072655}.Release|Any CPU.Build.0 = Release|Any CPU
		{6629F156-C044-4DA9-81B7-AEE352BD90E5}.Debug|Any CPU.ActiveCfg = Debug|Any CPU
		{6629F156-C044-4DA9-81B7-AEE352BD90E5}.Debug|Any CPU.Build.0 = Debug|Any CPU
		{6629F156-C044-4DA9-81B7-AEE352BD90E5}.Release|Any CPU.ActiveCfg = Release|Any CPU
		{6629F156-C044-4DA9-81B7-AEE352BD90E5}.Release|Any CPU.Build.0 = Release|Any CPU
		{B17B0575-26E5-4D41-9688-75E62F819218}.Debug|Any CPU.ActiveCfg = Debug|Any CPU
		{B17B0575-26E5-4D41-9688-75E62F819218}.Debug|Any CPU.Build.0 = Debug|Any CPU
		{B17B0575-26E5-4D41-9688-75E62F819218}.Release|Any CPU.ActiveCfg = Release|Any CPU
		{B17B0575-26E5-4D41-9688-75E62F819218}.Release|Any CPU.Build.0 = Release|Any CPU
		{8CCD8848-AD7B-4AB5-B5C6-F18570BD718E}.Debug|Any CPU.ActiveCfg = Debug|Any CPU
		{8CCD8848-AD7B-4AB5-B5C6-F18570BD718E}.Debug|Any CPU.Build.0 = Debug|Any CPU
		{8CCD8848-AD7B-4AB5-B5C6-F18570BD718E}.Release|Any CPU.ActiveCfg = Release|Any CPU
		{8CCD8848-AD7B-4AB5-B5C6-F18570BD718E}.Release|Any CPU.Build.0 = Release|Any CPU
		{26403D41-FC01-4FBF-AE5F-57651FEDD50E}.Debug|Any CPU.ActiveCfg = Debug|Any CPU
		{26403D41-FC01-4FBF-AE5F-57651FEDD50E}.Debug|Any CPU.Build.0 = Debug|Any CPU
		{26403D41-FC01-4FBF-AE5F-57651FEDD50E}.Release|Any CPU.ActiveCfg = Release|Any CPU
		{26403D41-FC01-4FBF-AE5F-57651FEDD50E}.Release|Any CPU.Build.0 = Release|Any CPU
	EndGlobalSection
	GlobalSection(SolutionProperties) = preSolution
		HideSolutionNode = FALSE
	EndGlobalSection
	GlobalSection(ExtensibilityGlobals) = postSolution
		SolutionGuid = {E2C3E14B-4532-4B77-9E40-3FCBFE536025}
	EndGlobalSection
EndGlobal
