
Microsoft Visual Studio Solution File, Format Version 12.00
# Visual Studio Version 17
VisualStudioVersion = 17.5.33516.290
MinimumVisualStudioVersion = 10.0.40219.1
Project("{9A19103F-16F7-4668-BE54-9A1E7A4F7556}") = "ProjectConsole", "ProjectConsole\ProjectConsole.csproj", "{276DE174-9BB4-4799-A9FB-5FAD07D93865}"
EndProject
Project("{FAE04EC0-301F-11D3-BF4B-00C04F79EFBC}") = "OperatorsConsoleLabWork", "OperatorsConsoleLabWork\OperatorsConsoleLabWork.csproj", "{C2DA2E90-1B39-4F15-9F25-B6B9E4D4A5D6}"
EndProject
Global
	GlobalSection(SolutionConfigurationPlatforms) = preSolution
		Debug|Any CPU = Debug|Any CPU
		Release|Any CPU = Release|Any CPU
	EndGlobalSection
	GlobalSection(ProjectConfigurationPlatforms) = postSolution
		{276DE174-9BB4-4799-A9FB-5FAD07D93865}.Debug|Any CPU.ActiveCfg = Debug|Any CPU
		{276DE174-9BB4-4799-A9FB-5FAD07D93865}.Debug|Any CPU.Build.0 = Debug|Any CPU
		{276DE174-9BB4-4799-A9FB-5FAD07D93865}.Release|Any CPU.ActiveCfg = Release|Any CPU
		{276DE174-9BB4-4799-A9FB-5FAD07D93865}.Release|Any CPU.Build.0 = Release|Any CPU
		{C2DA2E90-1B39-4F15-9F25-B6B9E4D4A5D6}.Debug|Any CPU.ActiveCfg = Debug|Any CPU
		{C2DA2E90-1B39-4F15-9F25-B6B9E4D4A5D6}.Debug|Any CPU.Build.0 = Debug|Any CPU
		{C2DA2E90-1B39-4F15-9F25-B6B9E4D4A5D6}.Release|Any CPU.ActiveCfg = Release|Any CPU
		{C2DA2E90-1B39-4F15-9F25-B6B9E4D4A5D6}.Release|Any CPU.Build.0 = Release|Any CPU
	EndGlobalSection
	GlobalSection(SolutionProperties) = preSolution
		HideSolutionNode = FALSE
	EndGlobalSection
	GlobalSection(ExtensibilityGlobals) = postSolution
		SolutionGuid = {E2C3E14B-4532-4B77-9E40-3FCBFE536025}
	EndGlobalSection
EndGlobal
